
Microsoft Visual Studio Solution File, Format Version 12.00
# Visual Studio Version 17
VisualStudioVersion = 17.4.33205.214
MinimumVisualStudioVersion = 10.0.40219.1
Project("{9A19103F-16F7-4668-BE54-9A1E7A4F7556}") = "Checkout", "Checkout\Checkout.csproj", "{0E9E423B-7BE0-49EB-8A16-88C29C7E6CD4}"
EndProject
Global
	GlobalSection(SolutionConfigurationPlatforms) = preSolution
		Debug|Any CPU = Debug|Any CPU
		Release|Any CPU = Release|Any CPU
	EndGlobalSection
	GlobalSection(ProjectConfigurationPlatforms) = postSolution
		{0E9E423B-7BE0-49EB-8A16-88C29C7E6CD4}.Debug|Any CPU.ActiveCfg = Debug|Any CPU
		{0E9E423B-7BE0-49EB-8A16-88C29C7E6CD4}.Debug|Any CPU.Build.0 = Debug|Any CPU
		{0E9E423B-7BE0-49EB-8A16-88C29C7E6CD4}.Release|Any CPU.ActiveCfg = Release|Any CPU
		{0E9E423B-7BE0-49EB-8A16-88C29C7E6CD4}.Release|Any CPU.Build.0 = Release|Any CPU
	EndGlobalSection
	GlobalSection(SolutionProperties) = preSolution
		HideSolutionNode = FALSE
	EndGlobalSection
	GlobalSection(ExtensibilityGlobals) = postSolution
		SolutionGuid = {A085A53C-61D6-4E0B-9AF4-AFEFA9E6A726}
	EndGlobalSection
EndGlobal
